
Microsoft Visual Studio Solution File, Format Version 12.00
# Visual Studio Version 17
VisualStudioVersion = 17.5.33502.453
MinimumVisualStudioVersion = 10.0.40219.1
Project("{FAE04EC0-301F-11D3-BF4B-00C04F79EFBC}") = "Homework", "Homework\Homework.csproj", "{DB21F13E-006D-4D39-A2B2-7B50187F0BB5}"
EndProject
Global
	GlobalSection(SolutionConfigurationPlatforms) = preSolution
		Debug|Any CPU = Debug|Any CPU
		Release|Any CPU = Release|Any CPU
	EndGlobalSection
	GlobalSection(ProjectConfigurationPlatforms) = postSolution
		{DB21F13E-006D-4D39-A2B2-7B50187F0BB5}.Debug|Any CPU.ActiveCfg = Debug|Any CPU
		{DB21F13E-006D-4D39-A2B2-7B50187F0BB5}.Debug|Any CPU.Build.0 = Debug|Any CPU
		{DB21F13E-006D-4D39-A2B2-7B50187F0BB5}.Release|Any CPU.ActiveCfg = Release|Any CPU
		{DB21F13E-006D-4D39-A2B2-7B50187F0BB5}.Release|Any CPU.Build.0 = Release|Any CPU
	EndGlobalSection
	GlobalSection(SolutionProperties) = preSolution
		HideSolutionNode = FALSE
	EndGlobalSection
	GlobalSection(ExtensibilityGlobals) = postSolution
		SolutionGuid = {8366A4CD-EC46-4EDF-A11A-F9C1E87A7A7F}
	EndGlobalSection
EndGlobal
